
Microsoft Visual Studio Solution File, Format Version 12.00
# Visual Studio 15
VisualStudioVersion = 15.0.28307.271
MinimumVisualStudioVersion = 10.0.40219.1
Project("{FAE04EC0-301F-11D3-BF4B-00C04F79EFBC}") = "PrismMemo", "PrismMemo\PrismMemo.csproj", "{F80B8725-A460-4066-9C97-1FA091CBCA58}"
EndProject
Project("{FAE04EC0-301F-11D3-BF4B-00C04F79EFBC}") = "Notes", "Notes\Notes.csproj", "{EF253D5D-4DC8-4A8E-89B1-71D1CCAE06B0}"
EndProject
Project("{FAE04EC0-301F-11D3-BF4B-00C04F79EFBC}") = "Problems", "Problems\Problems.csproj", "{02F1ED9B-D9F8-4F09-B3EB-0E2BD7B116E9}"
EndProject
Global
	GlobalSection(SolutionConfigurationPlatforms) = preSolution
		Debug|Any CPU = Debug|Any CPU
		Release|Any CPU = Release|Any CPU
	EndGlobalSection
	GlobalSection(ProjectConfigurationPlatforms) = postSolution
		{F80B8725-A460-4066-9C97-1FA091CBCA58}.Debug|Any CPU.ActiveCfg = Debug|Any CPU
		{F80B8725-A460-4066-9C97-1FA091CBCA58}.Debug|Any CPU.Build.0 = Debug|Any CPU
		{F80B8725-A460-4066-9C97-1FA091CBCA58}.Release|Any CPU.ActiveCfg = Release|Any CPU
		{F80B8725-A460-4066-9C97-1FA091CBCA58}.Release|Any CPU.Build.0 = Release|Any CPU
		{EF253D5D-4DC8-4A8E-89B1-71D1CCAE06B0}.Debug|Any CPU.ActiveCfg = Debug|Any CPU
		{EF253D5D-4DC8-4A8E-89B1-71D1CCAE06B0}.Debug|Any CPU.Build.0 = Debug|Any CPU
		{EF253D5D-4DC8-4A8E-89B1-71D1CCAE06B0}.Release|Any CPU.ActiveCfg = Release|Any CPU
		{EF253D5D-4DC8-4A8E-89B1-71D1CCAE06B0}.Release|Any CPU.Build.0 = Release|Any CPU
		{02F1ED9B-D9F8-4F09-B3EB-0E2BD7B116E9}.Debug|Any CPU.ActiveCfg = Debug|Any CPU
		{02F1ED9B-D9F8-4F09-B3EB-0E2BD7B116E9}.Debug|Any CPU.Build.0 = Debug|Any CPU
		{02F1ED9B-D9F8-4F09-B3EB-0E2BD7B116E9}.Release|Any CPU.ActiveCfg = Release|Any CPU
		{02F1ED9B-D9F8-4F09-B3EB-0E2BD7B116E9}.Release|Any CPU.Build.0 = Release|Any CPU
	EndGlobalSection
	GlobalSection(SolutionProperties) = preSolution
		HideSolutionNode = FALSE
	EndGlobalSection
	GlobalSection(ExtensibilityGlobals) = postSolution
		SolutionGuid = {C2ADEE89-7C68-4F98-8E04-E0C6E2E458C1}
	EndGlobalSection
EndGlobal
